
Microsoft Visual Studio Solution File, Format Version 12.00
# Visual Studio Version 17
VisualStudioVersion = 17.8.34316.72
MinimumVisualStudioVersion = 10.0.40219.1
Project("{9A19103F-16F7-4668-BE54-9A1E7A4F7556}") = "LMS.API", "LMS.API\LMS.API.csproj", "{C6E1587C-FFBA-43D4-8C0E-FC51E24F30AA}"
EndProject
Project("{9A19103F-16F7-4668-BE54-9A1E7A4F7556}") = "LMS.APP", "LMS.APP\LMS.APP.csproj", "{1A7A4C89-9805-4B95-BF7B-3750AEC9C64A}"
EndProject
Project("{54A90642-561A-4BB1-A94E-469ADEE60C69}") = "LMS_Web", "LMS_Web\LMS_Web.esproj", "{73500CCA-B7A1-42B7-A420-6B6CC5D3C800}"
EndProject
Project("{9A19103F-16F7-4668-BE54-9A1E7A4F7556}") = "LMS.Shared", "LMS.Shared\LMS.Shared.csproj", "{D5A2C8B6-DA37-4176-A244-FF4636332915}"
EndProject
Project("{FAE04EC0-301F-11D3-BF4B-00C04F79EFBC}") = "LMS.AuthAPI", "LMS.AuthAPI\LMS.AuthAPI.csproj", "{B665EAA0-0539-40E7-B8E5-7F52364E01EE}"
EndProject
Global
	GlobalSection(SolutionConfigurationPlatforms) = preSolution
		Debug|Any CPU = Debug|Any CPU
		Release|Any CPU = Release|Any CPU
	EndGlobalSection
	GlobalSection(ProjectConfigurationPlatforms) = postSolution
		{C6E1587C-FFBA-43D4-8C0E-FC51E24F30AA}.Debug|Any CPU.ActiveCfg = Debug|Any CPU
		{C6E1587C-FFBA-43D4-8C0E-FC51E24F30AA}.Debug|Any CPU.Build.0 = Debug|Any CPU
		{C6E1587C-FFBA-43D4-8C0E-FC51E24F30AA}.Release|Any CPU.ActiveCfg = Release|Any CPU
		{C6E1587C-FFBA-43D4-8C0E-FC51E24F30AA}.Release|Any CPU.Build.0 = Release|Any CPU
		{1A7A4C89-9805-4B95-BF7B-3750AEC9C64A}.Debug|Any CPU.ActiveCfg = Debug|Any CPU
		{1A7A4C89-9805-4B95-BF7B-3750AEC9C64A}.Debug|Any CPU.Build.0 = Debug|Any CPU
		{1A7A4C89-9805-4B95-BF7B-3750AEC9C64A}.Release|Any CPU.ActiveCfg = Release|Any CPU
		{1A7A4C89-9805-4B95-BF7B-3750AEC9C64A}.Release|Any CPU.Build.0 = Release|Any CPU
		{73500CCA-B7A1-42B7-A420-6B6CC5D3C800}.Debug|Any CPU.ActiveCfg = Debug|Any CPU
		{73500CCA-B7A1-42B7-A420-6B6CC5D3C800}.Debug|Any CPU.Build.0 = Debug|Any CPU
		{73500CCA-B7A1-42B7-A420-6B6CC5D3C800}.Debug|Any CPU.Deploy.0 = Debug|Any CPU
		{73500CCA-B7A1-42B7-A420-6B6CC5D3C800}.Release|Any CPU.ActiveCfg = Release|Any CPU
		{73500CCA-B7A1-42B7-A420-6B6CC5D3C800}.Release|Any CPU.Build.0 = Release|Any CPU
		{73500CCA-B7A1-42B7-A420-6B6CC5D3C800}.Release|Any CPU.Deploy.0 = Release|Any CPU
		{D5A2C8B6-DA37-4176-A244-FF4636332915}.Debug|Any CPU.ActiveCfg = Debug|Any CPU
		{D5A2C8B6-DA37-4176-A244-FF4636332915}.Debug|Any CPU.Build.0 = Debug|Any CPU
		{D5A2C8B6-DA37-4176-A244-FF4636332915}.Release|Any CPU.ActiveCfg = Release|Any CPU
		{D5A2C8B6-DA37-4176-A244-FF4636332915}.Release|Any CPU.Build.0 = Release|Any CPU
		{B665EAA0-0539-40E7-B8E5-7F52364E01EE}.Debug|Any CPU.ActiveCfg = Debug|Any CPU
		{B665EAA0-0539-40E7-B8E5-7F52364E01EE}.Debug|Any CPU.Build.0 = Debug|Any CPU
		{B665EAA0-0539-40E7-B8E5-7F52364E01EE}.Release|Any CPU.ActiveCfg = Release|Any CPU
		{B665EAA0-0539-40E7-B8E5-7F52364E01EE}.Release|Any CPU.Build.0 = Release|Any CPU
	EndGlobalSection
	GlobalSection(SolutionProperties) = preSolution
		HideSolutionNode = FALSE
	EndGlobalSection
	GlobalSection(ExtensibilityGlobals) = postSolution
		SolutionGuid = {20D98227-C949-4A22-A26E-D8CA7C93C939}
	EndGlobalSection
EndGlobal
